// !$*UTF8*$!
{
	archiveVersion = 1;
	classes = {
	};
	objectVersion = 56;
	objects = {

/* Begin PBXBuildFile section */
		0B0D4767B2B84942AA63D58E = {
			fileRef = "0B557E3740744F179816FA92";
			isa = PBXBuildFile;
		};
		0DA46BCE3A0F4089BC6A3FD1 = {
			fileRef = "09A95AD264C4459B910E11A5";
			isa = PBXBuildFile;
		};
		16E94E0B83B84058BD19E789 = {
			fileRef = "2B9D3B4CBA2D4BDAA70E23A1";
			isa = PBXBuildFile;
		};
		17B56757A65A4ABDA688C826 = {
			fileRef = CC2A43DA3D7D42AB936A84F3;
			isa = PBXBuildFile;
		};
		18FC1B1CBAC84D518D47605A = {
			fileRef = AA097CFF70D440578F091A83;
			isa = PBXBuildFile;
		};
		1CB1311E524C41BBA8A59663 = {
			fileRef = "54C7C7866F3E42B4A5352366";
			isa = PBXBuildFile;
		};
		2051E89E870A49AD8AB607DE = {
			fileRef = "5C713A1297D9430BBCE99B5A";
			isa = PBXBuildFile;
		};
		22E52075C3B64E088837EAA3 = {
			fileRef = "65D6FC8CE75D48ACACBAE9DB";
			isa = PBXBuildFile;
		};
		300D5B8CB2BE405FB4DAF315 = {
			fileRef = "3A3C935AB62E4A72A7910E2E";
			isa = PBXBuildFile;
		};
		310EAF1451144022ADDA7D22 = {
			fileRef = A92C03711292426189FAAAE0;
			isa = PBXBuildFile;
		};
		3D89BCF840F746A1B8919A60 = {
			fileRef = "0C1D3453C6A442928DD3FB3C";
			isa = PBXBuildFile;
		};
		3E085635F52442FFBD92BC0C = {
			fileRef = F632271798474BE593E8A943;
			isa = PBXBuildFile;
		};
		413CD09F87364F22B9585D62 = {
			fileRef = B13A142E98C044FFB98FE661;
			isa = PBXBuildFile;
		};
		439DA8D51F1A4C1AB7FAFB3E = {
			fileRef = "92235190E39C4678A2A65173";
			isa = PBXBuildFile;
		};
		5118CC4356CA4381B314EF28 = {
			fileRef = "08A4FA1D786E40B78CFF9CC0";
			isa = PBXBuildFile;
		};
		574F0D31401743F6881EBD39 = {
			fileRef = "4ED4A22AC65040108F5D8239";
			isa = PBXBuildFile;
		};
		5808D93271704C4D90D71516 = {
			fileRef = "969DF292D1734A538EDF608E";
			isa = PBXBuildFile;
		};
		5989C73A26CF44CC8EE74633 = {
			fileRef = "5222D95C9090463597A8E30B";
			isa = PBXBuildFile;
		};
		6761254BCDF44088ADED82A4 = {
			fileRef = "29ABB89C649047AA8CA811CB";
			isa = PBXBuildFile;
		};
		6DAF58A2DD4E4A3A99589D5B = {
			fileRef = "4D5A3550D2EE44AE8CDFE168";
			isa = PBXBuildFile;
		};
		700F4845E5324669A1F49E97 = {
			fileRef = "478E79D1F67545CAB3F2FA76";
			isa = PBXBuildFile;
		};
		760D89B0B8764EB7B4EC3824 = {
			fileRef = BC6FB232707B46F8889BC9D1;
			isa = PBXBuildFile;
		};
		79328585509645C2A22517F6 = {
			fileRef = "946D95962FED44769361572A";
			isa = PBXBuildFile;
		};
		7B8B73A37EAF496D87AE9E62 = {
			fileRef = E50F3BEF7BF343D6A1CBB378;
			isa = PBXBuildFile;
		};
		84DF01B72F28423F9758B89C = {
			fileRef = "0FA1AC2519AF435F9BE3CEE1";
			isa = PBXBuildFile;
		};
		89A63B44C0264948AC511A31 = {
			fileRef = A8AA69423BEA41B2BBC56DC4;
			isa = PBXBuildFile;
		};
		959B864CDB4A4A58A38D6B41 = {
			fileRef = "7653C722B80E4495BB0DA2E3";
			isa = PBXBuildFile;
		};
		9675774856554570BDB384D6 = {
			fileRef = EE7FF64880FB4FA286B94AEB;
			isa = PBXBuildFile;
		};
		9A575E9400DB4C6089EEC7A2 = {
			isa = PBXBuildFile;
			productRef = "1ABA03E1DAAD4CB7A82E40D5";
		};
		A44AFAF5C47D49A8A972944A = {
			fileRef = E7DCBB711D9F453AA1BD57E0;
			isa = PBXBuildFile;
		};
		B08E18F2B9ED4C92AA7C4A58 = {
			fileRef = "347411AD43B4459597ED646A";
			isa = PBXBuildFile;
		};
		B10537AAB7F4421AAF08BA7E = {
			fileRef = "96A38EF62DAB4747AAFFB5BB";
			isa = PBXBuildFile;
		};
		B802038D86AB4CDABA6F0E97 = {
			fileRef = E33A72C5BBAF48D7B081775F;
			isa = PBXBuildFile;
		};
		BDC354144D0F4F0DA71BA46F = {
			fileRef = "4707011D076D4DCCBE4D205A";
			isa = PBXBuildFile;
		};
		BEF94A5B9E9B43848AFF3F2B = {
			fileRef = D8B012B1174141D8821C211D;
			isa = PBXBuildFile;
		};
		C38A8D763FC949A9803656B5 = {
			fileRef = "4DC3A71C6F0048CA9BBD7A35";
			isa = PBXBuildFile;
		};
		C5EB8C89A0C24D879CCA01AD = {
			fileRef = "3D2D37CA77074810B69E83B7";
			isa = PBXBuildFile;
		};
		CB3BDFD6864C47E1ADE7931E = {
			fileRef = C95FF172C3384520AAD430B8;
			isa = PBXBuildFile;
		};
		CF5DA8B2539B4C838B2501A4 = {
			fileRef = F98B62BF0EB14A84B0A32FF0;
			isa = PBXBuildFile;
		};
		D93D73494B874ABA8957B12C = {
			fileRef = E5DCE62A8366448AB18936E4;
			isa = PBXBuildFile;
		};
		DF408181F0F749E4A3574C55 = {
			fileRef = "7AE92147B67641BAB4FA2C31";
			isa = PBXBuildFile;
		};
		DFBCCEBD9A9D4009A892C521 = {
			fileRef = DD2FE3A18AE9445AB27FA547;
			isa = PBXBuildFile;
		};
		E28B7B7C14484669A450986C = {
			fileRef = DAE15FF708774FD1A2AD9C7C;
			isa = PBXBuildFile;
		};
		E35902F8DC8F44609329BDFE = {
			fileRef = "6E3614BBE3E540478DA7A2B5";
			isa = PBXBuildFile;
		};
		F34A876D2875473599127DB9 = {
			fileRef = AD36A5274D0B4AEEA8FF2955;
			isa = PBXBuildFile;
		};
		F570E63B15AA475D8F411DC3 = {
			fileRef = DD443B4EBD1A47C2BAD72B39;
			isa = PBXBuildFile;
		};
		F59C6D1C670844B690404CE9 = {
			fileRef = "45B8B2C965DC41A1AD0AEE30";
			isa = PBXBuildFile;
		};
/* End PBXBuildFile section */

/* Begin PBXContainerItemProxy section */
		3F62B9D818884AE4AD561F22 = {
			containerPortal = EFF90009A21641EABD6DBB10;
			isa = PBXContainerItemProxy;
			proxyType = 1;
			remoteGlobalIDString = "956E421CF8424A129B1C4D2B";
			remoteInfo = Raster;
		};
		4FA2A7D6E1774CDB92E1C9E2 = {
			containerPortal = EFF90009A21641EABD6DBB10;
			isa = PBXContainerItemProxy;
			proxyType = 1;
			remoteGlobalIDString = "956E421CF8424A129B1C4D2B";
			remoteInfo = Raster;
		};
/* End PBXContainerItemProxy section */

/* Begin PBXFileReference section */
		08A4FA1D786E40B78CFF9CC0 = {
			isa = PBXFileReference;
			lastKnownFileType = sourcecode.swift;
			name = FileNode.swift;
			path = Raster/Models/FileNode.swift;
			sourceTree = SOURCE_ROOT;
		};
		09A95AD264C4459B910E11A5 = {
			isa = PBXFileReference;
			lastKnownFileType = sourcecode.swift;
			name = PreferencesView.swift;
			path = Raster/Views/Overlays/PreferencesView.swift;
			sourceTree = SOURCE_ROOT;
		};
		0B557E3740744F179816FA92 = {
			isa = PBXFileReference;
			lastKnownFileType = sourcecode.swift;
			name = RasterPalette.swift;
			path = Raster/Views/RasterPalette.swift;
			sourceTree = SOURCE_ROOT;
		};
		0C1D3453C6A442928DD3FB3C = {
			isa = PBXFileReference;
			lastKnownFileType = sourcecode.swift;
			name = TabBarView.swift;
			path = Raster/Views/TabBarView.swift;
			sourceTree = SOURCE_ROOT;
		};
		0FA1AC2519AF435F9BE3CEE1 = {
			isa = PBXFileReference;
			lastKnownFileType = sourcecode.swift;
			name = WebCoreLocator.swift;
			path = Raster/Services/WebCoreLocator.swift;
			sourceTree = SOURCE_ROOT;
		};
		29ABB89C649047AA8CA811CB = {
			isa = PBXFileReference;
			lastKnownFileType = sourcecode.swift;
			name = SplashView.swift;
			path = Raster/Views/SplashView.swift;
			sourceTree = SOURCE_ROOT;
		};
		2B9D3B4CBA2D4BDAA70E23A1 = {
			isa = PBXFileReference;
			lastKnownFileType = sourcecode.swift;
			name = EditorMode.swift;
			path = Raster/Models/EditorMode.swift;
			sourceTree = SOURCE_ROOT;
		};
		347411AD43B4459597ED646A = {
			isa = PBXFileReference;
			lastKnownFileType = sourcecode.swift;
			name = LocalizationService.swift;
			path = Raster/Services/LocalizationService.swift;
			sourceTree = SOURCE_ROOT;
		};
		3A3C935AB62E4A72A7910E2E = {
			isa = PBXFileReference;
			lastKnownFileType = sourcecode.swift;
			name = RasterError.swift;
			path = Raster/Models/RasterError.swift;
			sourceTree = SOURCE_ROOT;
		};
		3D2D37CA77074810B69E83B7 = {
			isa = PBXFileReference;
			lastKnownFileType = sourcecode.swift;
			name = TextFormatterTests.swift;
			path = RasterTests/TextFormatterTests.swift;
			sourceTree = SOURCE_ROOT;
		};
		45B8B2C965DC41A1AD0AEE30 = {
			isa = PBXFileReference;
			lastKnownFileType = sourcecode.swift;
			name = AppState.swift;
			path = Raster/App/AppState.swift;
			sourceTree = SOURCE_ROOT;
		};
		4707011D076D4DCCBE4D205A = {
			isa = PBXFileReference;
			lastKnownFileType = sourcecode.swift;
			name = RootView.swift;
			path = Raster/Views/RootView.swift;
			sourceTree = SOURCE_ROOT;
		};
		478E79D1F67545CAB3F2FA76 = {
			isa = PBXFileReference;
			lastKnownFileType = sourcecode.swift;
			name = ToastView.swift;
			path = Raster/Views/Overlays/ToastView.swift;
			sourceTree = SOURCE_ROOT;
		};
		4D5A3550D2EE44AE8CDFE168 = {
			isa = PBXFileReference;
			lastKnownFileType = sourcecode.swift;
			name = ExportService.swift;
			path = Raster/Services/ExportService.swift;
			sourceTree = SOURCE_ROOT;
		};
		4DC3A71C6F0048CA9BBD7A35 = {
			isa = PBXFileReference;
			lastKnownFileType = sourcecode.swift;
			name = TextFormatter.swift;
			path = Raster/Views/Editor/TextFormatter.swift;
			sourceTree = SOURCE_ROOT;
		};
		4ED4A22AC65040108F5D8239 = {
			isa = PBXFileReference;
			lastKnownFileType = sourcecode.swift;
			name = SidebarTab.swift;
			path = Raster/Models/SidebarTab.swift;
			sourceTree = SOURCE_ROOT;
		};
		5222D95C9090463597A8E30B = {
			isa = PBXFileReference;
			lastKnownFileType = sourcecode.swift;
			name = PreferencesStore.swift;
			path = Raster/Services/PreferencesStore.swift;
			sourceTree = SOURCE_ROOT;
		};
		54C7C7866F3E42B4A5352366 = {
			isa = PBXFileReference;
			lastKnownFileType = sourcecode.swift;
			name = RasterApp.swift;
			path = Raster/App/RasterApp.swift;
			sourceTree = SOURCE_ROOT;
		};
		57034B9DC2254CB496EC9581 = {
			explicitFileType = wrapper.cfbundle;
			includeInIndex = 0;
			isa = PBXFileReference;
			path = RasterUITests.xctest;
			sourceTree = BUILT_PRODUCTS_DIR;
		};
		5C713A1297D9430BBCE99B5A = {
			isa = PBXFileReference;
			lastKnownFileType = folder.assetcatalog;
			name = Assets.xcassets;
			path = Raster/Resources/Assets.xcassets;
			sourceTree = SOURCE_ROOT;
		};
		65D6FC8CE75D48ACACBAE9DB = {
			isa = PBXFileReference;
			lastKnownFileType = sourcecode.swift;
			name = RasterUITests.swift;
			path = RasterUITests/RasterUITests.swift;
			sourceTree = SOURCE_ROOT;
		};
		6E3614BBE3E540478DA7A2B5 = {
			isa = PBXFileReference;
			lastKnownFileType = sourcecode.swift;
			name = ZipExportSheet.swift;
			path = Raster/Views/Overlays/ZipExportSheet.swift;
			sourceTree = SOURCE_ROOT;
		};
		7653C722B80E4495BB0DA2E3 = {
			isa = PBXFileReference;
			lastKnownFileType = sourcecode.swift;
			name = MarkdownDocumentTests.swift;
			path = RasterTests/MarkdownDocumentTests.swift;
			sourceTree = SOURCE_ROOT;
		};
		78A222089B1E4CF18727CD2C = {
			explicitFileType = wrapper.cfbundle;
			includeInIndex = 0;
			isa = PBXFileReference;
			path = RasterTests.xctest;
			sourceTree = BUILT_PRODUCTS_DIR;
		};
		7AE92147B67641BAB4FA2C31 = {
			isa = PBXFileReference;
			lastKnownFileType = folder;
			name = WebCore;
			path = Raster/WebCore;
			sourceTree = SOURCE_ROOT;
		};
		8B18F24388C04696900AAF0C = {
			explicitFileType = wrapper.application;
			includeInIndex = 0;
			isa = PBXFileReference;
			path = Raster.app;
			sourceTree = BUILT_PRODUCTS_DIR;
		};
		92235190E39C4678A2A65173 = {
			isa = PBXFileReference;
			lastKnownFileType = sourcecode.swift;
			name = SourceEditor.swift;
			path = Raster/Views/Editor/SourceEditor.swift;
			sourceTree = SOURCE_ROOT;
		};
		946D95962FED44769361572A = {
			isa = PBXFileReference;
			lastKnownFileType = sourcecode.swift;
			name = FileService.swift;
			path = Raster/Services/FileService.swift;
			sourceTree = SOURCE_ROOT;
		};
		969DF292D1734A538EDF608E = {
			isa = PBXFileReference;
			lastKnownFileType = sourcecode.swift;
			name = FileServiceTests.swift;
			path = RasterTests/FileServiceTests.swift;
			sourceTree = SOURCE_ROOT;
		};
		96A38EF62DAB4747AAFFB5BB = {
			isa = PBXFileReference;
			lastKnownFileType = sourcecode.swift;
			name = OffscreenRenderer.swift;
			path = Raster/Views/Preview/OffscreenRenderer.swift;
			sourceTree = SOURCE_ROOT;
		};
		A8AA69423BEA41B2BBC56DC4 = {
			isa = PBXFileReference;
			lastKnownFileType = sourcecode.swift;
			name = FileTreeView.swift;
			path = Raster/Views/Sidebar/FileTreeView.swift;
			sourceTree = SOURCE_ROOT;
		};
		A92C03711292426189FAAAE0 = {
			isa = PBXFileReference;
			lastKnownFileType = sourcecode.swift;
			name = ModeSwitch.swift;
			path = Raster/Views/Toolbar/ModeSwitch.swift;
			sourceTree = SOURCE_ROOT;
		};
		AA097CFF70D440578F091A83 = {
			isa = PBXFileReference;
			lastKnownFileType = sourcecode.swift;
			name = OutlineView.swift;
			path = Raster/Views/Sidebar/OutlineView.swift;
			sourceTree = SOURCE_ROOT;
		};
		AD36A5274D0B4AEEA8FF2955 = {
			isa = PBXFileReference;
			lastKnownFileType = text.json.xcstrings;
			name = Localizable.xcstrings;
			path = Raster/Resources/Localizable.xcstrings;
			sourceTree = SOURCE_ROOT;
		};
		B13A142E98C044FFB98FE661 = {
			isa = PBXFileReference;
			lastKnownFileType = sourcecode.swift;
			name = ExplorerView.swift;
			path = Raster/Views/Sidebar/ExplorerView.swift;
			sourceTree = SOURCE_ROOT;
		};
		BC6FB232707B46F8889BC9D1 = {
			isa = PBXFileReference;
			lastKnownFileType = sourcecode.swift;
			name = Workspace.swift;
			path = Raster/Models/Workspace.swift;
			sourceTree = SOURCE_ROOT;
		};
		C95FF172C3384520AAD430B8 = {
			isa = PBXFileReference;
			lastKnownFileType = sourcecode.swift;
			name = PreviewWebView.swift;
			path = Raster/Views/Preview/PreviewWebView.swift;
			sourceTree = SOURCE_ROOT;
		};
		CC2A43DA3D7D42AB936A84F3 = {
			isa = PBXFileReference;
			lastKnownFileType = sourcecode.swift;
			name = WindowDragArea.swift;
			path = Raster/Views/WindowDragArea.swift;
			sourceTree = SOURCE_ROOT;
		};
		D8B012B1174141D8821C211D = {
			isa = PBXFileReference;
			lastKnownFileType = sourcecode.swift;
			name = WebBridge.swift;
			path = Raster/Views/Preview/WebBridge.swift;
			sourceTree = SOURCE_ROOT;
		};
		DAE15FF708774FD1A2AD9C7C = {
			isa = PBXFileReference;
			lastKnownFileType = sourcecode.swift;
			name = FormatToolbar.swift;
			path = Raster/Views/Toolbar/FormatToolbar.swift;
			sourceTree = SOURCE_ROOT;
		};
		DD2FE3A18AE9445AB27FA547 = {
			isa = PBXFileReference;
			lastKnownFileType = sourcecode.swift;
			name = MainWindowView.swift;
			path = Raster/Views/MainWindowView.swift;
			sourceTree = SOURCE_ROOT;
		};
		DD443B4EBD1A47C2BAD72B39 = {
			isa = PBXFileReference;
			lastKnownFileType = sourcecode.swift;
			name = MarkdownHighlighter.swift;
			path = Raster/Views/Editor/MarkdownHighlighter.swift;
			sourceTree = SOURCE_ROOT;
		};
		E33A72C5BBAF48D7B081775F = {
			isa = PBXFileReference;
			lastKnownFileType = sourcecode.swift;
			name = MarkdownDocument.swift;
			path = Raster/Models/MarkdownDocument.swift;
			sourceTree = SOURCE_ROOT;
		};
		E50F3BEF7BF343D6A1CBB378 = {
			isa = PBXFileReference;
			lastKnownFileType = sourcecode.swift;
			name = StatusBarView.swift;
			path = Raster/Views/StatusBarView.swift;
			sourceTree = SOURCE_ROOT;
		};
		E5DCE62A8366448AB18936E4 = {
			isa = PBXFileReference;
			lastKnownFileType = sourcecode.swift;
			name = ExportServiceZIPTests.swift;
			path = RasterTests/ExportServiceZIPTests.swift;
			sourceTree = SOURCE_ROOT;
		};
		E7DCBB711D9F453AA1BD57E0 = {
			isa = PBXFileReference;
			lastKnownFileType = sourcecode.swift;
			name = ConfirmCloseSheet.swift;
			path = Raster/Views/Overlays/ConfirmCloseSheet.swift;
			sourceTree = SOURCE_ROOT;
		};
		EE7FF64880FB4FA286B94AEB = {
			isa = PBXFileReference;
			lastKnownFileType = sourcecode.swift;
			name = OutlineRenderingTests.swift;
			path = RasterTests/OutlineRenderingTests.swift;
			sourceTree = SOURCE_ROOT;
		};
		F632271798474BE593E8A943 = {
			isa = PBXFileReference;
			lastKnownFileType = sourcecode.swift;
			name = FileNodeTests.swift;
			path = RasterTests/FileNodeTests.swift;
			sourceTree = SOURCE_ROOT;
		};
		F98B62BF0EB14A84B0A32FF0 = {
			isa = PBXFileReference;
			lastKnownFileType = sourcecode.swift;
			name = FindBar.swift;
			path = Raster/Views/Toolbar/FindBar.swift;
			sourceTree = SOURCE_ROOT;
		};
/* End PBXFileReference section */

/* Begin PBXFrameworksBuildPhase section */
		2F510C30A614482C9C543993 = {
			buildActionMask = 2147483647;
			files = (
			);
			isa = PBXFrameworksBuildPhase;
			runOnlyForDeploymentPostprocessing = 0;
		};
		55E747738DBD409487F5AA64 = {
			buildActionMask = 2147483647;
			files = (
			);
			isa = PBXFrameworksBuildPhase;
			runOnlyForDeploymentPostprocessing = 0;
		};
		709E4A22AFA849AE887E8F18 = {
			buildActionMask = 2147483647;
			files = (
				"9A575E9400DB4C6089EEC7A2",
			);
			isa = PBXFrameworksBuildPhase;
			runOnlyForDeploymentPostprocessing = 0;
		};
/* End PBXFrameworksBuildPhase section */

/* Begin PBXGroup section */
		087582E6CAB84A7C83B657DA = {
			children = (
				"43E5CC390813410389710A95",
				AE5DA6FDC4BB45DF98950BB3,
				C7B1E2C3F6BF4B63A1966ABB,
				F59E1528774843278AE35DA3,
				"281FBFACFFF54E4B8CA46143",
				DD2FE3A18AE9445AB27FA547,
				"0B557E3740744F179816FA92",
				"4707011D076D4DCCBE4D205A",
				"29ABB89C649047AA8CA811CB",
				E50F3BEF7BF343D6A1CBB378,
				"0C1D3453C6A442928DD3FB3C",
				CC2A43DA3D7D42AB936A84F3,
			);
			isa = PBXGroup;
			name = Views;
			path = Views;
			sourceTree = "<group>";
		};
		270C6291710E4C6EACC8C4DA = {
			children = (
				"7B31BE3968FC424E8DB2E2FF",
				DB2C9AD8D27F4057B31D1D49,
				"59C5D6E85D9A476AA8AE6831",
				"87C3B36FE92646C5ABAD192E",
			);
			isa = PBXGroup;
			sourceTree = "<group>";
		};
		281FBFACFFF54E4B8CA46143 = {
			children = (
				F98B62BF0EB14A84B0A32FF0,
				DAE15FF708774FD1A2AD9C7C,
				A92C03711292426189FAAAE0,
			);
			isa = PBXGroup;
			name = Toolbar;
			path = Toolbar;
			sourceTree = "<group>";
		};
		3118EE095EFE44758AF16E6C = {
			children = (
				AD36A5274D0B4AEEA8FF2955,
				"5C713A1297D9430BBCE99B5A",
			);
			isa = PBXGroup;
			name = Resources;
			sourceTree = "<group>";
		};
		43E5CC390813410389710A95 = {
			children = (
				DD443B4EBD1A47C2BAD72B39,
				"92235190E39C4678A2A65173",
				"4DC3A71C6F0048CA9BBD7A35",
			);
			isa = PBXGroup;
			name = Editor;
			path = Editor;
			sourceTree = "<group>";
		};
		47CC6ADB530F4E05AEAF85BE = {
			children = (
				"4D5A3550D2EE44AE8CDFE168",
				"946D95962FED44769361572A",
				"347411AD43B4459597ED646A",
				"5222D95C9090463597A8E30B",
				"0FA1AC2519AF435F9BE3CEE1",
			);
			isa = PBXGroup;
			name = Services;
			path = Services;
			sourceTree = "<group>";
		};
		55671AABB41B4ACB8D19F775 = {
			children = (
				"45B8B2C965DC41A1AD0AEE30",
				"54C7C7866F3E42B4A5352366",
			);
			isa = PBXGroup;
			name = App;
			path = App;
			sourceTree = "<group>";
		};
		59C5D6E85D9A476AA8AE6831 = {
			children = (
				"65D6FC8CE75D48ACACBAE9DB",
			);
			isa = PBXGroup;
			name = RasterUITests;
			sourceTree = "<group>";
		};
		7B31BE3968FC424E8DB2E2FF = {
			children = (
				"55671AABB41B4ACB8D19F775",
				B5B2C8A0F9404A029CD3E788,
				"47CC6ADB530F4E05AEAF85BE",
				"087582E6CAB84A7C83B657DA",
				"3118EE095EFE44758AF16E6C",
				"7AE92147B67641BAB4FA2C31",
			);
			isa = PBXGroup;
			name = Raster;
			sourceTree = "<group>";
		};
		87C3B36FE92646C5ABAD192E = {
			children = (
				"8B18F24388C04696900AAF0C",
				"78A222089B1E4CF18727CD2C",
				"57034B9DC2254CB496EC9581",
			);
			isa = PBXGroup;
			name = Products;
			sourceTree = "<group>";
		};
		AE5DA6FDC4BB45DF98950BB3 = {
			children = (
				E7DCBB711D9F453AA1BD57E0,
				"09A95AD264C4459B910E11A5",
				"478E79D1F67545CAB3F2FA76",
				"6E3614BBE3E540478DA7A2B5",
			);
			isa = PBXGroup;
			name = Overlays;
			path = Overlays;
			sourceTree = "<group>";
		};
		B5B2C8A0F9404A029CD3E788 = {
			children = (
				"2B9D3B4CBA2D4BDAA70E23A1",
				"08A4FA1D786E40B78CFF9CC0",
				E33A72C5BBAF48D7B081775F,
				"3A3C935AB62E4A72A7910E2E",
				"4ED4A22AC65040108F5D8239",
				BC6FB232707B46F8889BC9D1,
			);
			isa = PBXGroup;
			name = Models;
			path = Models;
			sourceTree = "<group>";
		};
		C7B1E2C3F6BF4B63A1966ABB = {
			children = (
				"96A38EF62DAB4747AAFFB5BB",
				C95FF172C3384520AAD430B8,
				D8B012B1174141D8821C211D,
			);
			isa = PBXGroup;
			name = Preview;
			path = Preview;
			sourceTree = "<group>";
		};
		DB2C9AD8D27F4057B31D1D49 = {
			children = (
				E5DCE62A8366448AB18936E4,
				F632271798474BE593E8A943,
				"969DF292D1734A538EDF608E",
				"7653C722B80E4495BB0DA2E3",
				EE7FF64880FB4FA286B94AEB,
				"3D2D37CA77074810B69E83B7",
			);
			isa = PBXGroup;
			name = RasterTests;
			sourceTree = "<group>";
		};
		F59E1528774843278AE35DA3 = {
			children = (
				B13A142E98C044FFB98FE661,
				A8AA69423BEA41B2BBC56DC4,
				AA097CFF70D440578F091A83,
			);
			isa = PBXGroup;
			name = Sidebar;
			path = Sidebar;
			sourceTree = "<group>";
		};
/* End PBXGroup section */

/* Begin PBXNativeTarget section */
		0414D2B2BAC74539A43BC7D9 = {
			buildConfigurationList = B8116ECA78404BF9890701B3;
			buildPhases = (
				"86B80A5113554A178BF1B7C8",
				"55E747738DBD409487F5AA64",
				"07B9FCD187F94217B520FB83",
			);
			buildRules = (
			);
			dependencies = (
				F6518D57C9FE4A5EAE1E0131,
			);
			isa = PBXNativeTarget;
			name = RasterTests;
			productName = RasterTests;
			productReference = "78A222089B1E4CF18727CD2C";
			productType = "com.apple.product-type.bundle.unit-test";
		};
		956E421CF8424A129B1C4D2B = {
			buildConfigurationList = "9D4672F37E7D4A1288F4CECD";
			buildPhases = (
				BEBEDE2753244F88AE827A4A,
				"709E4A22AFA849AE887E8F18",
				"05BB952B4375409F89CD12FA",
			);
			buildRules = (
			);
			dependencies = (
			);
			isa = PBXNativeTarget;
			name = Raster;
			packageProductDependencies = (
				"1ABA03E1DAAD4CB7A82E40D5",
			);
			productName = Raster;
			productReference = "8B18F24388C04696900AAF0C";
			productType = "com.apple.product-type.application";
		};
		B2D6D1B081194BCFBBA7954F = {
			buildConfigurationList = A5C6C202E6854F55AAB565FC;
			buildPhases = (
				"75D7CD633AEB49CA93C5ECC4",
				"2F510C30A614482C9C543993",
				"94AE7ADEB4BF47DD8E64975F",
			);
			buildRules = (
			);
			dependencies = (
				CD4E682806DB47C1B2C4360B,
			);
			isa = PBXNativeTarget;
			name = RasterUITests;
			productName = RasterUITests;
			productReference = "57034B9DC2254CB496EC9581";
			productType = "com.apple.product-type.bundle.ui-testing";
		};
/* End PBXNativeTarget section */

/* Begin PBXProject section */
		EFF90009A21641EABD6DBB10 = {
			attributes = {
				BuildIndependentTargetsInParallel = 1;
				LastSwiftUpdateCheck = 1600;
				LastUpgradeCheck = 1600;
				TargetAttributes = {
					"0414D2B2BAC74539A43BC7D9" = {
						CreatedOnToolsVersion = "16.0";
						TestTargetID = "956E421CF8424A129B1C4D2B";
					};
					"956E421CF8424A129B1C4D2B" = {
						CreatedOnToolsVersion = "16.0";
					};
					B2D6D1B081194BCFBBA7954F = {
						CreatedOnToolsVersion = "16.0";
						TestTargetID = "956E421CF8424A129B1C4D2B";
					};
				};
			};
			buildConfigurationList = DD1E3699E1D344C0A43E25BF;
			compatibilityVersion = "Xcode 14.0";
			developmentRegion = en;
			hasScannedForEncodings = 0;
			isa = PBXProject;
			knownRegions = (
				en,
				"pt-BR",
				Base,
			);
			mainGroup = "270C6291710E4C6EACC8C4DA";
			packageReferences = (
				A6245E94AA5A4A508AF4716D,
			);
			productRefGroup = "87C3B36FE92646C5ABAD192E";
			projectDirPath = "";
			projectRoot = "";
			targets = (
				"956E421CF8424A129B1C4D2B",
				"0414D2B2BAC74539A43BC7D9",
				B2D6D1B081194BCFBBA7954F,
			);
		};
/* End PBXProject section */

/* Begin PBXResourcesBuildPhase section */
		05BB952B4375409F89CD12FA = {
			buildActionMask = 2147483647;
			files = (
				F34A876D2875473599127DB9,
				"2051E89E870A49AD8AB607DE",
				DF408181F0F749E4A3574C55,
			);
			isa = PBXResourcesBuildPhase;
			runOnlyForDeploymentPostprocessing = 0;
		};
		07B9FCD187F94217B520FB83 = {
			buildActionMask = 2147483647;
			files = (
			);
			isa = PBXResourcesBuildPhase;
			runOnlyForDeploymentPostprocessing = 0;
		};
		94AE7ADEB4BF47DD8E64975F = {
			buildActionMask = 2147483647;
			files = (
			);
			isa = PBXResourcesBuildPhase;
			runOnlyForDeploymentPostprocessing = 0;
		};
/* End PBXResourcesBuildPhase section */

/* Begin PBXSourcesBuildPhase section */
		75D7CD633AEB49CA93C5ECC4 = {
			buildActionMask = 2147483647;
			files = (
				"22E52075C3B64E088837EAA3",
			);
			isa = PBXSourcesBuildPhase;
			runOnlyForDeploymentPostprocessing = 0;
		};
		86B80A5113554A178BF1B7C8 = {
			buildActionMask = 2147483647;
			files = (
				D93D73494B874ABA8957B12C,
				"3E085635F52442FFBD92BC0C",
				"5808D93271704C4D90D71516",
				"959B864CDB4A4A58A38D6B41",
				"9675774856554570BDB384D6",
				C5EB8C89A0C24D879CCA01AD,
			);
			isa = PBXSourcesBuildPhase;
			runOnlyForDeploymentPostprocessing = 0;
		};
		BEBEDE2753244F88AE827A4A = {
			buildActionMask = 2147483647;
			files = (
				F59C6D1C670844B690404CE9,
				"1CB1311E524C41BBA8A59663",
				"16E94E0B83B84058BD19E789",
				"5118CC4356CA4381B314EF28",
				B802038D86AB4CDABA6F0E97,
				"300D5B8CB2BE405FB4DAF315",
				"574F0D31401743F6881EBD39",
				"760D89B0B8764EB7B4EC3824",
				"6DAF58A2DD4E4A3A99589D5B",
				"79328585509645C2A22517F6",
				B08E18F2B9ED4C92AA7C4A58,
				"5989C73A26CF44CC8EE74633",
				"84DF01B72F28423F9758B89C",
				DFBCCEBD9A9D4009A892C521,
				"0B0D4767B2B84942AA63D58E",
				BDC354144D0F4F0DA71BA46F,
				"6761254BCDF44088ADED82A4",
				"7B8B73A37EAF496D87AE9E62",
				"3D89BCF840F746A1B8919A60",
				"17B56757A65A4ABDA688C826",
				F570E63B15AA475D8F411DC3,
				"439DA8D51F1A4C1AB7FAFB3E",
				C38A8D763FC949A9803656B5,
				A44AFAF5C47D49A8A972944A,
				"0DA46BCE3A0F4089BC6A3FD1",
				"700F4845E5324669A1F49E97",
				E35902F8DC8F44609329BDFE,
				B10537AAB7F4421AAF08BA7E,
				CB3BDFD6864C47E1ADE7931E,
				BEF94A5B9E9B43848AFF3F2B,
				"413CD09F87364F22B9585D62",
				"89A63B44C0264948AC511A31",
				"18FC1B1CBAC84D518D47605A",
				CF5DA8B2539B4C838B2501A4,
				E28B7B7C14484669A450986C,
				"310EAF1451144022ADDA7D22",
			);
			isa = PBXSourcesBuildPhase;
			runOnlyForDeploymentPostprocessing = 0;
		};
/* End PBXSourcesBuildPhase section */

/* Begin PBXTargetDependency section */
		CD4E682806DB47C1B2C4360B = {
			isa = PBXTargetDependency;
			target = "956E421CF8424A129B1C4D2B";
			targetProxy = "3F62B9D818884AE4AD561F22";
		};
		F6518D57C9FE4A5EAE1E0131 = {
			isa = PBXTargetDependency;
			target = "956E421CF8424A129B1C4D2B";
			targetProxy = "4FA2A7D6E1774CDB92E1C9E2";
		};
/* End PBXTargetDependency section */

/* Begin XCBuildConfiguration section */
		07532A7473B34E9694559D91 = {
			buildSettings = {
				ALWAYS_SEARCH_USER_PATHS = NO;
				CLANG_ANALYZER_NONNULL = YES;
				CLANG_ENABLE_MODULES = YES;
				CLANG_ENABLE_OBJC_ARC = YES;
				CLANG_WARN_DOCUMENTATION_COMMENTS = YES;
				COPY_PHASE_STRIP = NO;
				DEBUG_INFORMATION_FORMAT = dwarf;
				ENABLE_STRICT_OBJC_MSGSEND = YES;
				ENABLE_TESTABILITY = YES;
				GCC_C_LANGUAGE_STANDARD = gnu17;
				GCC_DYNAMIC_NO_PIC = NO;
				GCC_OPTIMIZATION_LEVEL = "0";
				GCC_PREPROCESSOR_DEFINITIONS = (
					"DEBUG=1",
					"$(inherited)",
				);
				MACOSX_DEPLOYMENT_TARGET = "14.0";
				MTL_ENABLE_DEBUG_INFO = INCLUDE_SOURCE;
				ONLY_ACTIVE_ARCH = YES;
				SDKROOT = macosx;
				SWIFT_ACTIVE_COMPILATION_CONDITIONS = DEBUG;
				SWIFT_OPTIMIZATION_LEVEL = "-Onone";
				SWIFT_VERSION = "6.0";
			};
			isa = XCBuildConfiguration;
			name = Debug;
		};
		17CB440B03264D1D8CF7C1AD = {
			buildSettings = {
				ASSETCATALOG_COMPILER_APPICON_NAME = AppIcon;
				ASSETCATALOG_COMPILER_GENERATE_SWIFT_ASSET_SYMBOL_EXTENSIONS = YES;
				CODE_SIGN_STYLE = Automatic;
				COMBINE_HIDPI_IMAGES = YES;
				CURRENT_PROJECT_VERSION = "1";
				DEVELOPMENT_ASSET_PATHS = "";
				ENABLE_APP_SANDBOX = NO;
				ENABLE_HARDENED_RUNTIME = NO;
				ENABLE_PREVIEWS = YES;
				GENERATE_INFOPLIST_FILE = YES;
				INFOPLIST_KEY_LSApplicationCategoryType = "public.app-category.productivity";
				INFOPLIST_KEY_NSHumanReadableCopyright = "";
				INFOPLIST_KEY_NSPrincipalClass = NSApplication;
				LD_RUNPATH_SEARCH_PATHS = (
					"$(inherited)",
					"@executable_path/../Frameworks",
				);
				MARKETING_VERSION = "1.0";
				PRODUCT_BUNDLE_IDENTIFIER = com.raster.app;
				PRODUCT_NAME = "$(TARGET_NAME)";
				SWIFT_EMIT_LOC_STRINGS = YES;
			};
			isa = XCBuildConfiguration;
			name = Debug;
		};
		36D938D858614275B51E164C = {
			buildSettings = {
				CODE_SIGN_STYLE = Automatic;
				CURRENT_PROJECT_VERSION = "1";
				GENERATE_INFOPLIST_FILE = YES;
				MARKETING_VERSION = "1.0";
				PRODUCT_BUNDLE_IDENTIFIER = com.raster.app.RasterUITests;
				PRODUCT_NAME = "$(TARGET_NAME)";
				SWIFT_EMIT_LOC_STRINGS = NO;
				TEST_TARGET_NAME = Raster;
			};
			isa = XCBuildConfiguration;
			name = Debug;
		};
		7B9E6DE2A92240F889A50464 = {
			buildSettings = {
				ASSETCATALOG_COMPILER_APPICON_NAME = AppIcon;
				ASSETCATALOG_COMPILER_GENERATE_SWIFT_ASSET_SYMBOL_EXTENSIONS = YES;
				CODE_SIGN_STYLE = Automatic;
				COMBINE_HIDPI_IMAGES = YES;
				CURRENT_PROJECT_VERSION = "1";
				DEVELOPMENT_ASSET_PATHS = "";
				ENABLE_APP_SANDBOX = NO;
				ENABLE_HARDENED_RUNTIME = NO;
				ENABLE_PREVIEWS = YES;
				GENERATE_INFOPLIST_FILE = YES;
				INFOPLIST_KEY_LSApplicationCategoryType = "public.app-category.productivity";
				INFOPLIST_KEY_NSHumanReadableCopyright = "";
				INFOPLIST_KEY_NSPrincipalClass = NSApplication;
				LD_RUNPATH_SEARCH_PATHS = (
					"$(inherited)",
					"@executable_path/../Frameworks",
				);
				MARKETING_VERSION = "1.0";
				PRODUCT_BUNDLE_IDENTIFIER = com.raster.app;
				PRODUCT_NAME = "$(TARGET_NAME)";
				SWIFT_EMIT_LOC_STRINGS = YES;
			};
			isa = XCBuildConfiguration;
			name = Release;
		};
		7EFA07AB85594EC8BDA4041A = {
			buildSettings = {
				ALWAYS_SEARCH_USER_PATHS = NO;
				CLANG_ANALYZER_NONNULL = YES;
				CLANG_ENABLE_MODULES = YES;
				CLANG_ENABLE_OBJC_ARC = YES;
				CLANG_WARN_DOCUMENTATION_COMMENTS = YES;
				COPY_PHASE_STRIP = YES;
				DEBUG_INFORMATION_FORMAT = "dwarf-with-dsym";
				ENABLE_STRICT_OBJC_MSGSEND = YES;
				ENABLE_TESTABILITY = NO;
				GCC_C_LANGUAGE_STANDARD = gnu17;
				GCC_DYNAMIC_NO_PIC = NO;
				GCC_OPTIMIZATION_LEVEL = s;
				MACOSX_DEPLOYMENT_TARGET = "14.0";
				MTL_ENABLE_DEBUG_INFO = NO;
				ONLY_ACTIVE_ARCH = NO;
				SDKROOT = macosx;
				SWIFT_OPTIMIZATION_LEVEL = "-O";
				SWIFT_VERSION = "6.0";
			};
			isa = XCBuildConfiguration;
			name = Release;
		};
		C868942CF1AC404F8EB4D4AB = {
			buildSettings = {
				BUNDLE_LOADER = "$(TEST_HOST)";
				CODE_SIGN_STYLE = Automatic;
				CURRENT_PROJECT_VERSION = "1";
				GENERATE_INFOPLIST_FILE = YES;
				MARKETING_VERSION = "1.0";
				PRODUCT_BUNDLE_IDENTIFIER = com.raster.app.RasterTests;
				PRODUCT_NAME = "$(TARGET_NAME)";
				SWIFT_EMIT_LOC_STRINGS = NO;
				TEST_HOST = "$(BUILT_PRODUCTS_DIR)/Raster.app/Contents/MacOS/Raster";
			};
			isa = XCBuildConfiguration;
			name = Release;
		};
		F1AA41F587CC4485992E77C4 = {
			buildSettings = {
				BUNDLE_LOADER = "$(TEST_HOST)";
				CODE_SIGN_STYLE = Automatic;
				CURRENT_PROJECT_VERSION = "1";
				GENERATE_INFOPLIST_FILE = YES;
				MARKETING_VERSION = "1.0";
				PRODUCT_BUNDLE_IDENTIFIER = com.raster.app.RasterTests;
				PRODUCT_NAME = "$(TARGET_NAME)";
				SWIFT_EMIT_LOC_STRINGS = NO;
				TEST_HOST = "$(BUILT_PRODUCTS_DIR)/Raster.app/Contents/MacOS/Raster";
			};
			isa = XCBuildConfiguration;
			name = Debug;
		};
		FC60F530865342CD8EAA4F4E = {
			buildSettings = {
				CODE_SIGN_STYLE = Automatic;
				CURRENT_PROJECT_VERSION = "1";
				GENERATE_INFOPLIST_FILE = YES;
				MARKETING_VERSION = "1.0";
				PRODUCT_BUNDLE_IDENTIFIER = com.raster.app.RasterUITests;
				PRODUCT_NAME = "$(TARGET_NAME)";
				SWIFT_EMIT_LOC_STRINGS = NO;
				TEST_TARGET_NAME = Raster;
			};
			isa = XCBuildConfiguration;
			name = Release;
		};
/* End XCBuildConfiguration section */

/* Begin XCConfigurationList section */
		9D4672F37E7D4A1288F4CECD = {
			buildConfigurations = (
				"17CB440B03264D1D8CF7C1AD",
				"7B9E6DE2A92240F889A50464",
			);
			defaultConfigurationIsVisible = 0;
			defaultConfigurationName = Release;
			isa = XCConfigurationList;
		};
		A5C6C202E6854F55AAB565FC = {
			buildConfigurations = (
				"36D938D858614275B51E164C",
				FC60F530865342CD8EAA4F4E,
			);
			defaultConfigurationIsVisible = 0;
			defaultConfigurationName = Release;
			isa = XCConfigurationList;
		};
		B8116ECA78404BF9890701B3 = {
			buildConfigurations = (
				F1AA41F587CC4485992E77C4,
				C868942CF1AC404F8EB4D4AB,
			);
			defaultConfigurationIsVisible = 0;
			defaultConfigurationName = Release;
			isa = XCConfigurationList;
		};
		DD1E3699E1D344C0A43E25BF = {
			buildConfigurations = (
				"07532A7473B34E9694559D91",
				"7EFA07AB85594EC8BDA4041A",
			);
			defaultConfigurationIsVisible = 0;
			defaultConfigurationName = Release;
			isa = XCConfigurationList;
		};
/* End XCConfigurationList section */

/* Begin XCRemoteSwiftPackageReference section */
		A6245E94AA5A4A508AF4716D = {
			isa = XCRemoteSwiftPackageReference;
			repositoryURL = "https://github.com/weichsel/ZIPFoundation.git";
			requirement = {
				kind = upToNextMajorVersion;
				minimumVersion = "0.9.0";
			};
		};
/* End XCRemoteSwiftPackageReference section */

/* Begin XCSwiftPackageProductDependency section */
		1ABA03E1DAAD4CB7A82E40D5 = {
			isa = XCSwiftPackageProductDependency;
			package = A6245E94AA5A4A508AF4716D;
			productName = ZIPFoundation;
		};
/* End XCSwiftPackageProductDependency section */
	};
	rootObject = EFF90009A21641EABD6DBB10;
}
